
Microsoft Visual Studio Solution File, Format Version 12.00
# Visual Studio Version 17
VisualStudioVersion = 17.0.31903.59
MinimumVisualStudioVersion = 10.0.40219.1
Project("{FAE04EC0-301F-11D3-BF4B-00C04F79EFBC}") = "PongNew", "PongNew\PongNew.csproj", "{23CD2939-54EA-4523-AF76-7C50C7891AD4}"
EndProject
Project("{FAE04EC0-301F-11D3-BF4B-00C04F79EFBC}") = "Core", "Core\Core.csproj", "{41479EF7-8935-4450-A528-F2C52581EACA}"
EndProject
Global
	GlobalSection(SolutionConfigurationPlatforms) = preSolution
		Debug|Any CPU = Debug|Any CPU
		Release|Any CPU = Release|Any CPU
	EndGlobalSection
	GlobalSection(SolutionProperties) = preSolution
		HideSolutionNode = FALSE
	EndGlobalSection
	GlobalSection(ProjectConfigurationPlatforms) = postSolution
		{23CD2939-54EA-4523-AF76-7C50C7891AD4}.Debug|Any CPU.ActiveCfg = Debug|Any CPU
		{23CD2939-54EA-4523-AF76-7C50C7891AD4}.Debug|Any CPU.Build.0 = Debug|Any CPU
		{23CD2939-54EA-4523-AF76-7C50C7891AD4}.Release|Any CPU.ActiveCfg = Release|Any CPU
		{23CD2939-54EA-4523-AF76-7C50C7891AD4}.Release|Any CPU.Build.0 = Release|Any CPU
		{41479EF7-8935-4450-A528-F2C52581EACA}.Debug|Any CPU.ActiveCfg = Debug|Any CPU
		{41479EF7-8935-4450-A528-F2C52581EACA}.Debug|Any CPU.Build.0 = Debug|Any CPU
		{41479EF7-8935-4450-A528-F2C52581EACA}.Release|Any CPU.ActiveCfg = Release|Any CPU
		{41479EF7-8935-4450-A528-F2C52581EACA}.Release|Any CPU.Build.0 = Release|Any CPU
	EndGlobalSection
EndGlobal
